
Microsoft Visual Studio Solution File, Format Version 12.00
# Visual Studio Version 17
VisualStudioVersion = 17.5.33424.131
MinimumVisualStudioVersion = 10.0.40219.1
Project("{FAE04EC0-301F-11D3-BF4B-00C04F79EFBC}") = "B.PaymentSumm", "B.PaymentSumm\B.PaymentSumm.csproj", "{EFD47222-9E14-4A2A-B9A8-F435BF4D0BC5}"
EndProject
Global
	GlobalSection(SolutionConfigurationPlatforms) = preSolution
		Debug|Any CPU = Debug|Any CPU
		Release|Any CPU = Release|Any CPU
	EndGlobalSection
	GlobalSection(ProjectConfigurationPlatforms) = postSolution
		{EFD47222-9E14-4A2A-B9A8-F435BF4D0BC5}.Debug|Any CPU.ActiveCfg = Debug|Any CPU
		{EFD47222-9E14-4A2A-B9A8-F435BF4D0BC5}.Debug|Any CPU.Build.0 = Debug|Any CPU
		{EFD47222-9E14-4A2A-B9A8-F435BF4D0BC5}.Release|Any CPU.ActiveCfg = Release|Any CPU
		{EFD47222-9E14-4A2A-B9A8-F435BF4D0BC5}.Release|Any CPU.Build.0 = Release|Any CPU
	EndGlobalSection
	GlobalSection(SolutionProperties) = preSolution
		HideSolutionNode = FALSE
	EndGlobalSection
	GlobalSection(ExtensibilityGlobals) = postSolution
		SolutionGuid = {FCEBBC5A-374C-4EAF-ABDD-DB10E70B55ED}
	EndGlobalSection
EndGlobal
